// !$*UTF8*$!
{
	archiveVersion = 1;
	classes = {
	};
	objectVersion = 55;
	objects = {

/* Begin PBXBuildFile section */
		C618A8F4277DEE5600D9AA6A /* AppDelegate.swift in Sources */ = {isa = PBXBuildFile; fileRef = C618A8F3277DEE5600D9AA6A /* AppDelegate.swift */; };
		C618A8F6277DEE5600D9AA6A /* SceneDelegate.swift in Sources */ = {isa = PBXBuildFile; fileRef = C618A8F5277DEE5600D9AA6A /* SceneDelegate.swift */; };
		C618A8F8277DEE5600D9AA6A /* ViewController.swift in Sources */ = {isa = PBXBuildFile; fileRef = C618A8F7277DEE5600D9AA6A /* ViewController.swift */; };
		C618A8FB277DEE5600D9AA6A /* Main.storyboard in Resources */ = {isa = PBXBuildFile; fileRef = C618A8F9277DEE5600D9AA6A /* Main.storyboard */; };
		C618A8FD277DEE5700D9AA6A /* Assets.xcassets in Resources */ = {isa = PBXBuildFile; fileRef = C618A8FC277DEE5700D9AA6A /* Assets.xcassets */; };
		C618A900277DEE5700D9AA6A /* LaunchScreen.storyboard in Resources */ = {isa = PBXBuildFile; fileRef = C618A8FE277DEE5700D9AA6A /* LaunchScreen.storyboard */; };
		C618A909277DF0E000D9AA6A /* TableViewCell.swift in Sources */ = {isa = PBXBuildFile; fileRef = C618A907277DF0E000D9AA6A /* TableViewCell.swift */; };
		C618A90A277DF0E000D9AA6A /* TableViewCell.xib in Resources */ = {isa = PBXBuildFile; fileRef = C618A908277DF0E000D9AA6A /* TableViewCell.xib */; };
/* End PBXBuildFile section */

/* Begin PBXFileReference section */
		C618A8F0277DEE5600D9AA6A /* SettingAppSample.app */ = {isa = PBXFileReference; explicitFileType = wrapper.application; includeInIndex = 0; path = SettingAppSample.app; sourceTree = BUILT_PRODUCTS_DIR; };
		C618A8F3277DEE5600D9AA6A /* AppDelegate.swift */ = {isa = PBXFileReference; lastKnownFileType = sourcecode.swift; path = AppDelegate.swift; sourceTree = "<group>"; };
		C618A8F5277DEE5600D9AA6A /* SceneDelegate.swift */ = {isa = PBXFileReference; lastKnownFileType = sourcecode.swift; path = SceneDelegate.swift; sourceTree = "<group>"; };
		C618A8F7277DEE5600D9AA6A /* ViewController.swift */ = {isa = PBXFileReference; lastKnownFileType = sourcecode.swift; path = ViewController.swift; sourceTree = "<group>"; };
		C618A8FA277DEE5600D9AA6A /* Base */ = {isa = PBXFileReference; lastKnownFileType = file.storyboard; name = Base; path = Base.lproj/Main.storyboard; sourceTree = "<group>"; };
		C618A8FC277DEE5700D9AA6A /* Assets.xcassets */ = {isa = PBXFileReference; lastKnownFileType = folder.assetcatalog; path = Assets.xcassets; sourceTree = "<group>"; };
		C618A8FF277DEE5700D9AA6A /* Base */ = {isa = PBXFileReference; lastKnownFileType = file.storyboard; name = Base; path = Base.lproj/LaunchScreen.storyboard; sourceTree = "<group>"; };
		C618A901277DEE5700D9AA6A /* Info.plist */ = {isa = PBXFileReference; lastKnownFileType = text.plist.xml; path = Info.plist; sourceTree = "<group>"; };
		C618A907277DF0E000D9AA6A /* TableViewCell.swift */ = {isa = PBXFileReference; lastKnownFileType = sourcecode.swift; path = TableViewCell.swift; sourceTree = "<group>"; };
		C618A908277DF0E000D9AA6A /* TableViewCell.xib */ = {isa = PBXFileReference; lastKnownFileType = file.xib; path = TableViewCell.xib; sourceTree = "<group>"; };
/* End PBXFileReference section */

/* Begin PBXFrameworksBuildPhase section */
		C618A8ED277DEE5600D9AA6A /* Frameworks */ = {
			isa = PBXFrameworksBuildPhase;
			buildActionMask = 2147483647;
			files = (
			);
			runOnlyForDeploymentPostprocessing = 0;
		};
/* End PBXFrameworksBuildPhase section */

/* Begin PBXGroup section */
		C618A8E7277DEE5600D9AA6A = {
			isa = PBXGroup;
			children = (
				C618A8F2277DEE5600D9AA6A /* SettingAppSample */,
				C618A8F1277DEE5600D9AA6A /* Products */,
			);
			sourceTree = "<group>";
		};
		C618A8F1277DEE5600D9AA6A /* Products */ = {
			isa = PBXGroup;
			children = (
				C618A8F0277DEE5600D9AA6A /* SettingAppSample.app */,
			);
			name = Products;
			sourceTree = "<group>";
		};
		C618A8F2277DEE5600D9AA6A /* SettingAppSample */ = {
			isa = PBXGroup;
			children = (
				C618A907277DF0E000D9AA6A /* TableViewCell.swift */,
				C618A908277DF0E000D9AA6A /* TableViewCell.xib */,
				C618A8F3277DEE5600D9AA6A /* AppDelegate.swift */,
				C618A8F5277DEE5600D9AA6A /* SceneDelegate.swift */,
				C618A8F7277DEE5600D9AA6A /* ViewController.swift */,
				C618A8F9277DEE5600D9AA6A /* Main.storyboard */,
				C618A8FC277DEE5700D9AA6A /* Assets.xcassets */,
				C618A8FE277DEE5700D9AA6A /* LaunchScreen.storyboard */,
				C618A901277DEE5700D9AA6A /* Info.plist */,
			);
			path = SettingAppSample;
			sourceTree = "<group>";
		};
/* End PBXGroup section */

/* Begin PBXNativeTarget section */
		C618A8EF277DEE5600D9AA6A /* SettingAppSample */ = {
			isa = PBXNativeTarget;
			buildConfigurationList = C618A904277DEE5700D9AA6A /* Build configuration list for PBXNativeTarget "SettingAppSample" */;
			buildPhases = (
				C618A8EC277DEE5600D9AA6A /* Sources */,
				C618A8ED277DEE5600D9AA6A /* Frameworks */,
				C618A8EE277DEE5600D9AA6A /* Resources */,
			);
			buildRules = (
			);
			dependencies = (
			);
			name = SettingAppSample;
			productName = SettingAppSample;
			productReference = C618A8F0277DEE5600D9AA6A /* SettingAppSample.app */;
			productType = "com.apple.product-type.application";
		};
/* End PBXNativeTarget section */

/* Begin PBXProject section */
		C618A8E8277DEE5600D9AA6A /* Project object */ = {
			isa = PBXProject;
			attributes = {
				BuildIndependentTargetsInParallel = 1;
				LastSwiftUpdateCheck = 1310;
				LastUpgradeCheck = 1310;
				TargetAttributes = {
					C618A8EF277DEE5600D9AA6A = {
						CreatedOnToolsVersion = 13.1;
					};
				};
			};
			buildConfigurationList = C618A8EB277DEE5600D9AA6A /* Build configuration list for PBXProject "SettingAppSample" */;
			compatibilityVersion = "Xcode 13.0";
			developmentRegion = en;
			hasScannedForEncodings = 0;
			knownRegions = (
				en,
				Base,
			);
			mainGroup = C618A8E7277DEE5600D9AA6A;
			productRefGroup = C618A8F1277DEE5600D9AA6A /* Products */;
			projectDirPath = "";
			projectRoot = "";
			targets = (
				C618A8EF277DEE5600D9AA6A /* SettingAppSample */,
			);
		};
/* End PBXProject section */

/* Begin PBXResourcesBuildPhase section */
		C618A8EE277DEE5600D9AA6A /* Resources */ = {
			isa = PBXResourcesBuildPhase;
			buildActionMask = 2147483647;
			files = (
				C618A900277DEE5700D9AA6A /* LaunchScreen.storyboard in Resources */,
				C618A90A277DF0E000D9AA6A /* TableViewCell.xib in Resources */,
				C618A8FD277DEE5700D9AA6A /* Assets.xcassets in Resources */,
				C618A8FB277DEE5600D9AA6A /* Main.storyboard in Resources */,
			);
			runOnlyForDeploymentPostprocessing = 0;
		};
/* End PBXResourcesBuildPhase section */

/* Begin PBXSourcesBuildPhase section */
		C618A8EC277DEE5600D9AA6A /* Sources */ = {
			isa = PBXSourcesBuildPhase;
			buildActionMask = 2147483647;
			files = (
				C618A8F8277DEE5600D9AA6A /* ViewController.swift in Sources */,
				C618A909277DF0E000D9AA6A /* TableViewCell.swift in Sources */,
				C618A8F4277DEE5600D9AA6A /* AppDelegate.swift in Sources */,
				C618A8F6277DEE5600D9AA6A /* SceneDelegate.swift in Sources */,
			);
			runOnlyForDeploymentPostprocessing = 0;
		};
/* End PBXSourcesBuildPhase section */

/* Begin PBXVariantGroup section */
		C618A8F9277DEE5600D9AA6A /* Main.storyboard */ = {
			isa = PBXVariantGroup;
			children = (
				C618A8FA277DEE5600D9AA6A /* Base */,
			);
			name = Main.storyboard;
			sourceTree = "<group>";
		};
		C618A8FE277DEE5700D9AA6A /* LaunchScreen.storyboard */ = {
			isa = PBXVariantGroup;
			children = (
				C618A8FF277DEE5700D9AA6A /* Base */,
			);
			name = LaunchScreen.storyboard;
			sourceTree = "<group>";
		};
/* End PBXVariantGroup section */

/* Begin XCBuildConfiguration section */
		C618A902277DEE5700D9AA6A /* Debug */ = {
			isa = XCBuildConfiguration;
			buildSettings = {
				ALWAYS_SEARCH_USER_PATHS = NO;
				CLANG_ANALYZER_NONNULL = YES;
				CLANG_ANALYZER_NUMBER_OBJECT_CONVERSION = YES_AGGRESSIVE;
				CLANG_CXX_LANGUAGE_STANDARD = "gnu++17";
				CLANG_CXX_LIBRARY = "libc++";
				CLANG_ENABLE_MODULES = YES;
				CLANG_ENABLE_OBJC_ARC = YES;
				CLANG_ENABLE_OBJC_WEAK = YES;
				CLANG_WARN_BLOCK_CAPTURE_AUTORELEASING = YES;
				CLANG_WARN_BOOL_CONVERSION = YES;
				CLANG_WARN_COMMA = YES;
				CLANG_WARN_CONSTANT_CONVERSION = YES;
				CLANG_WARN_DEPRECATED_OBJC_IMPLEMENTATIONS = YES;
				CLANG_WARN_DIRECT_OBJC_ISA_USAGE = YES_ERROR;
				CLANG_WARN_DOCUMENTATION_COMMENTS = YES;
				CLANG_WARN_EMPTY_BODY = YES;
				CLANG_WARN_ENUM_CONVERSION = YES;
				CLANG_WARN_INFINITE_RECURSION = YES;
				CLANG_WARN_INT_CONVERSION = YES;
				CLANG_WARN_NON_LITERAL_NULL_CONVERSION = YES;
				CLANG_WARN_OBJC_IMPLICIT_RETAIN_SELF = YES;
				CLANG_WARN_OBJC_LITERAL_CONVERSION = YES;
				CLANG_WARN_OBJC_ROOT_CLASS = YES_ERROR;
				CLANG_WARN_QUOTED_INCLUDE_IN_FRAMEWORK_HEADER = YES;
				CLANG_WARN_RANGE_LOOP_ANALYSIS = YES;
				CLANG_WARN_STRICT_PROTOTYPES = YES;
				CLANG_WARN_SUSPICIOUS_MOVE = YES;
				CLANG_WARN_UNGUARDED_AVAILABILITY = YES_AGGRESSIVE;
				CLANG_WARN_UNREACHABLE_CODE = YES;
				CLANG_WARN__DUPLICATE_METHOD_MATCH = YES;
				COPY_PHASE_STRIP = NO;
				DEBUG_INFORMATION_FORMAT = dwarf;
				ENABLE_STRICT_OBJC_MSGSEND = YES;
				ENABLE_TESTABILITY = YES;
				GCC_C_LANGUAGE_STANDARD = gnu11;
				GCC_DYNAMIC_NO_PIC = NO;
				GCC_NO_COMMON_BLOCKS = YES;
				GCC_OPTIMIZATION_LEVEL = 0;
				GCC_PREPROCESSOR_DEFINITIONS = (
					"DEBUG=1",
					"$(inherited)",
				);
				GCC_WARN_64_TO_32_BIT_CONVERSION = YES;
				GCC_WARN_ABOUT_RETURN_TYPE = YES_ERROR;
				GCC_WARN_UNDECLARED_SELECTOR = YES;
				GCC_WARN_UNINITIALIZED_AUTOS = YES_AGGRESSIVE;
				GCC_WARN_UNUSED_FUNCTION = YES;
				GCC_WARN_UNUSED_VARIABLE = YES;
				IPHONEOS_DEPLOYMENT_TARGET = 15.0;
				MTL_ENABLE_DEBUG_INFO = INCLUDE_SOURCE;
				MTL_FAST_MATH = YES;
				ONLY_ACTIVE_ARCH = YES;
				SDKROOT = iphoneos;
				SWIFT_ACTIVE_COMPILATION_CONDITIONS = DEBUG;
				SWIFT_OPTIMIZATION_LEVEL = "-Onone";
			};
			name = Debug;
		};
		C618A903277DEE5700D9AA6A /* Release */ = {
			isa = XCBuildConfiguration;
			buildSettings = {
				ALWAYS_SEARCH_USER_PATHS = NO;
				CLANG_ANALYZER_NONNULL = YES;
				CLANG_ANALYZER_NUMBER_OBJECT_CONVERSION = YES_AGGRESSIVE;
				CLANG_CXX_LANGUAGE_STANDARD = "gnu++17";
				CLANG_CXX_LIBRARY = "libc++";
				CLANG_ENABLE_MODULES = YES;
				CLANG_ENABLE_OBJC_ARC = YES;
				CLANG_ENABLE_OBJC_WEAK = YES;
				CLANG_WARN_BLOCK_CAPTURE_AUTORELEASING = YES;
				CLANG_WARN_BOOL_CONVERSION = YES;
				CLANG_WARN_COMMA = YES;
				CLANG_WARN_CONSTANT_CONVERSION = YES;
				CLANG_WARN_DEPRECATED_OBJC_IMPLEMENTATIONS = YES;
				CLANG_WARN_DIRECT_OBJC_ISA_USAGE = YES_ERROR;
				CLANG_WARN_DOCUMENTATION_COMMENTS = YES;
				CLANG_WARN_EMPTY_BODY = YES;
				CLANG_WARN_ENUM_CONVERSION = YES;
				CLANG_WARN_INFINITE_RECURSION = YES;
				CLANG_WARN_INT_CONVERSION = YES;
				CLANG_WARN_NON_LITERAL_NULL_CONVERSION = YES;
				CLANG_WARN_OBJC_IMPLICIT_RETAIN_SELF = YES;
				CLANG_WARN_OBJC_LITERAL_CONVERSION = YES;
				CLANG_WARN_OBJC_ROOT_CLASS = YES_ERROR;
				CLANG_WARN_QUOTED_INCLUDE_IN_FRAMEWORK_HEADER = YES;
				CLANG_WARN_RANGE_LOOP_ANALYSIS = YES;
				CLANG_WARN_STRICT_PROTOTYPES = YES;
				CLANG_WARN_SUSPICIOUS_MOVE = YES;
				CLANG_WARN_UNGUARDED_AVAILABILITY = YES_AGGRESSIVE;
				CLANG_WARN_UNREACHABLE_CODE = YES;
				CLANG_WARN__DUPLICATE_METHOD_MATCH = YES;
				COPY_PHASE_STRIP = NO;
				DEBUG_INFORMATION_FORMAT = "dwarf-with-dsym";
				ENABLE_NS_ASSERTIONS = NO;
				ENABLE_STRICT_OBJC_MSGSEND = YES;
				GCC_C_LANGUAGE_STANDARD = gnu11;
				GCC_NO_COMMON_BLOCKS = YES;
				GCC_WARN_64_TO_32_BIT_CONVERSION = YES;
				GCC_WARN_ABOUT_RETURN_TYPE = YES_ERROR;
				GCC_WARN_UNDECLARED_SELECTOR = YES;
				GCC_WARN_UNINITIALIZED_AUTOS = YES_AGGRESSIVE;
				GCC_WARN_UNUSED_FUNCTION = YES;
				GCC_WARN_UNUSED_VARIABLE = YES;
				IPHONEOS_DEPLOYMENT_TARGET = 15.0;
				MTL_ENABLE_DEBUG_INFO = NO;
				MTL_FAST_MATH = YES;
				SDKROOT = iphoneos;
				SWIFT_COMPILATION_MODE = wholemodule;
				SWIFT_OPTIMIZATION_LEVEL = "-O";
				VALIDATE_PRODUCT = YES;
			};
			name = Release;
		};
		C618A905277DEE5700D9AA6A /* Debug */ = {
			isa = XCBuildConfiguration;
			buildSettings = {
				ASSETCATALOG_COMPILER_APPICON_NAME = AppIcon;
				ASSETCATALOG_COMPILER_GLOBAL_ACCENT_COLOR_NAME = AccentColor;
				CODE_SIGN_STYLE = Automatic;
				CURRENT_PROJECT_VERSION = 1;
				DEVELOPMENT_TEAM = 64GN3PDULA;
				GENERATE_INFOPLIST_FILE = YES;
				INFOPLIST_FILE = SettingAppSample/Info.plist;
				INFOPLIST_KEY_UIApplicationSupportsIndirectInputEvents = YES;
				INFOPLIST_KEY_UILaunchStoryboardName = LaunchScreen;
				INFOPLIST_KEY_UIMainStoryboardFile = Main;
				INFOPLIST_KEY_UISupportedInterfaceOrientations_iPad = "UIInterfaceOrientationPortrait UIInterfaceOrientationPortraitUpsideDown UIInterfaceOrientationLandscapeLeft UIInterfaceOrientationLandscapeRight";
				INFOPLIST_KEY_UISupportedInterfaceOrientations_iPhone = "UIInterfaceOrientationPortrait UIInterfaceOrientationLandscapeLeft UIInterfaceOrientationLandscapeRight";
				LD_RUNPATH_SEARCH_PATHS = (
					"$(inherited)",
					"@executable_path/Frameworks",
				);
				MARKETING_VERSION = 1.0;
				PRODUCT_BUNDLE_IDENTIFIER = com.iwamotoyasutaka.SettingAppSample;
				PRODUCT_NAME = "$(TARGET_NAME)";
				SWIFT_EMIT_LOC_STRINGS = YES;
				SWIFT_VERSION = 5.0;
				TARGETED_DEVICE_FAMILY = "1,2";
			};
			name = Debug;
		};
		C618A906277DEE5700D9AA6A /* Release */ = {
			isa = XCBuildConfiguration;
			buildSettings = {
				ASSETCATALOG_COMPILER_APPICON_NAME = AppIcon;
				ASSETCATALOG_COMPILER_GLOBAL_ACCENT_COLOR_NAME = AccentColor;
				CODE_SIGN_STYLE = Automatic;
				CURRENT_PROJECT_VERSION = 1;
				DEVELOPMENT_TEAM = 64GN3PDULA;
				GENERATE_INFOPLIST_FILE = YES;
				INFOPLIST_FILE = SettingAppSample/Info.plist;
				INFOPLIST_KEY_UIApplicationSupportsIndirectInputEvents = YES;
				INFOPLIST_KEY_UILaunchStoryboardName = LaunchScreen;
				INFOPLIST_KEY_UIMainStoryboardFile = Main;
				INFOPLIST_KEY_UISupportedInterfaceOrientations_iPad = "UIInterfaceOrientationPortrait UIInterfaceOrientationPortraitUpsideDown UIInterfaceOrientationLandscapeLeft UIInterfaceOrientationLandscapeRight";
				INFOPLIST_KEY_UISupportedInterfaceOrientations_iPhone = "UIInterfaceOrientationPortrait UIInterfaceOrientationLandscapeLeft UIInterfaceOrientationLandscapeRight";
				LD_RUNPATH_SEARCH_PATHS = (
					"$(inherited)",
					"@executable_path/Frameworks",
				);
				MARKETING_VERSION = 1.0;
				PRODUCT_BUNDLE_IDENTIFIER = com.iwamotoyasutaka.SettingAppSample;
				PRODUCT_NAME = "$(TARGET_NAME)";
				SWIFT_EMIT_LOC_STRINGS = YES;
				SWIFT_VERSION = 5.0;
				TARGETED_DEVICE_FAMILY = "1,2";
			};
			name = Release;
		};
/* End XCBuildConfiguration section */

/* Begin XCConfigurationList section */
		C618A8EB277DEE5600D9AA6A /* Build configuration list for PBXProject "SettingAppSample" */ = {
			isa = XCConfigurationList;
			buildConfigurations = (
				C618A902277DEE5700D9AA6A /* Debug */,
				C618A903277DEE5700D9AA6A /* Release */,
			);
			defaultConfigurationIsVisible = 0;
			defaultConfigurationName = Release;
		};
		C618A904277DEE5700D9AA6A /* Build configuration list for PBXNativeTarget "SettingAppSample" */ = {
			isa = XCConfigurationList;
			buildConfigurations = (
				C618A905277DEE5700D9AA6A /* Debug */,
				C618A906277DEE5700D9AA6A /* Release */,
			);
			defaultConfigurationIsVisible = 0;
			defaultConfigurationName = Release;
		};
/* End XCConfigurationList section */
	};
	rootObject = C618A8E8277DEE5600D9AA6A /* Project object */;
}
